{
  "requires": true,
  "lockfileVersion": 1,
  "dependencies": {
    "urlb64touint8array": {
      "version": "1.0.3",
      "resolved": "https://registry.npmjs.org/urlb64touint8array/-/urlb64touint8array-1.0.3.tgz",
      "integrity": "sha512-/JurhdGJd72XSMVdm4+mRJ9UZb3NpxgV6h0HDZxZNGd2xKB0sAuPIsLAIYdUjJZv0PXKzDMsNUgHyoNFcZyc9g=="
    }
  }
}
